
Microsoft Visual Studio Solution File, Format Version 12.00
# Visual Studio 15
VisualStudioVersion = 15.0.26124.0
MinimumVisualStudioVersion = 15.0.26124.0
Project("{FAE04EC0-301F-11D3-BF4B-00C04F79EFBC}") = "OrderManagementApi", "OrderManagementApi\OrderManagementApi.csproj", "{D117D3CF-5D7C-4A76-8004-DB244E53A1A1}"
EndProject
Project("{FAE04EC0-301F-11D3-BF4B-00C04F79EFBC}") = "StockManagementApi", "StockManagementApi\StockManagementApi.csproj", "{6641810B-2B1D-4D16-A95C-4E912D905EB6}"
EndProject
Project("{FAE04EC0-301F-11D3-BF4B-00C04F79EFBC}") = "UserManagementApi", "UserManagementApi\UserManagementApi.csproj", "{594B369B-F0EF-4458-BB44-E90B9FEFCCCA}"
EndProject
Global
	GlobalSection(SolutionConfigurationPlatforms) = preSolution
		Debug|Any CPU = Debug|Any CPU
		Debug|x64 = Debug|x64
		Debug|x86 = Debug|x86
		Release|Any CPU = Release|Any CPU
		Release|x64 = Release|x64
		Release|x86 = Release|x86
	EndGlobalSection
	GlobalSection(SolutionProperties) = preSolution
		HideSolutionNode = FALSE
	EndGlobalSection
	GlobalSection(ProjectConfigurationPlatforms) = postSolution
		{D117D3CF-5D7C-4A76-8004-DB244E53A1A1}.Debug|Any CPU.ActiveCfg = Debug|Any CPU
		{D117D3CF-5D7C-4A76-8004-DB244E53A1A1}.Debug|Any CPU.Build.0 = Debug|Any CPU
		{D117D3CF-5D7C-4A76-8004-DB244E53A1A1}.Debug|x64.ActiveCfg = Debug|Any CPU
		{D117D3CF-5D7C-4A76-8004-DB244E53A1A1}.Debug|x64.Build.0 = Debug|Any CPU
		{D117D3CF-5D7C-4A76-8004-DB244E53A1A1}.Debug|x86.ActiveCfg = Debug|Any CPU
		{D117D3CF-5D7C-4A76-8004-DB244E53A1A1}.Debug|x86.Build.0 = Debug|Any CPU
		{D117D3CF-5D7C-4A76-8004-DB244E53A1A1}.Release|Any CPU.ActiveCfg = Release|Any CPU
		{D117D3CF-5D7C-4A76-8004-DB244E53A1A1}.Release|Any CPU.Build.0 = Release|Any CPU
		{D117D3CF-5D7C-4A76-8004-DB244E53A1A1}.Release|x64.ActiveCfg = Release|Any CPU
		{D117D3CF-5D7C-4A76-8004-DB244E53A1A1}.Release|x64.Build.0 = Release|Any CPU
		{D117D3CF-5D7C-4A76-8004-DB244E53A1A1}.Release|x86.ActiveCfg = Release|Any CPU
		{D117D3CF-5D7C-4A76-8004-DB244E53A1A1}.Release|x86.Build.0 = Release|Any CPU
		{6641810B-2B1D-4D16-A95C-4E912D905EB6}.Debug|Any CPU.ActiveCfg = Debug|Any CPU
		{6641810B-2B1D-4D16-A95C-4E912D905EB6}.Debug|Any CPU.Build.0 = Debug|Any CPU
		{6641810B-2B1D-4D16-A95C-4E912D905EB6}.Debug|x64.ActiveCfg = Debug|Any CPU
		{6641810B-2B1D-4D16-A95C-4E912D905EB6}.Debug|x64.Build.0 = Debug|Any CPU
		{6641810B-2B1D-4D16-A95C-4E912D905EB6}.Debug|x86.ActiveCfg = Debug|Any CPU
		{6641810B-2B1D-4D16-A95C-4E912D905EB6}.Debug|x86.Build.0 = Debug|Any CPU
		{6641810B-2B1D-4D16-A95C-4E912D905EB6}.Release|Any CPU.ActiveCfg = Release|Any CPU
		{6641810B-2B1D-4D16-A95C-4E912D905EB6}.Release|Any CPU.Build.0 = Release|Any CPU
		{6641810B-2B1D-4D16-A95C-4E912D905EB6}.Release|x64.ActiveCfg = Release|Any CPU
		{6641810B-2B1D-4D16-A95C-4E912D905EB6}.Release|x64.Build.0 = Release|Any CPU
		{6641810B-2B1D-4D16-A95C-4E912D905EB6}.Release|x86.ActiveCfg = Release|Any CPU
		{6641810B-2B1D-4D16-A95C-4E912D905EB6}.Release|x86.Build.0 = Release|Any CPU
		{594B369B-F0EF-4458-BB44-E90B9FEFCCCA}.Debug|Any CPU.ActiveCfg = Debug|Any CPU
		{594B369B-F0EF-4458-BB44-E90B9FEFCCCA}.Debug|Any CPU.Build.0 = Debug|Any CPU
		{594B369B-F0EF-4458-BB44-E90B9FEFCCCA}.Debug|x64.ActiveCfg = Debug|Any CPU
		{594B369B-F0EF-4458-BB44-E90B9FEFCCCA}.Debug|x64.Build.0 = Debug|Any CPU
		{594B369B-F0EF-4458-BB44-E90B9FEFCCCA}.Debug|x86.ActiveCfg = Debug|Any CPU
		{594B369B-F0EF-4458-BB44-E90B9FEFCCCA}.Debug|x86.Build.0 = Debug|Any CPU
		{594B369B-F0EF-4458-BB44-E90B9FEFCCCA}.Release|Any CPU.ActiveCfg = Release|Any CPU
		{594B369B-F0EF-4458-BB44-E90B9FEFCCCA}.Release|Any CPU.Build.0 = Release|Any CPU
		{594B369B-F0EF-4458-BB44-E90B9FEFCCCA}.Release|x64.ActiveCfg = Release|Any CPU
		{594B369B-F0EF-4458-BB44-E90B9FEFCCCA}.Release|x64.Build.0 = Release|Any CPU
		{594B369B-F0EF-4458-BB44-E90B9FEFCCCA}.Release|x86.ActiveCfg = Release|Any CPU
		{594B369B-F0EF-4458-BB44-E90B9FEFCCCA}.Release|x86.Build.0 = Release|Any CPU
	EndGlobalSection
EndGlobal
